<?xml version="1.0" encoding="utf-8"?>
<Project ToolsVersion="4.0" xmlns="http://schemas.microsoft.com/developer/msbuild/2003">
  <ItemGroup>
    <Filter Include="Source Files">
      <UniqueIdentifier>{4FC737F1-C7A5-4376-A066-2A32D752A2FF}</UniqueIdentifier>
      <Extensions>cpp;c;cc;cxx;def;odl;idl;hpj;bat;asm;asmx</Extensions>
    </Filter>
    <Filter Include="Header Files">
      <UniqueIdentifier>{93995380-89BD-4b04-88EB-625FBE52EBFB}</UniqueIdentifier>
      <Extensions>h;hpp;hxx;hm;inl;inc;xsd</Extensions>
    </Filter>
    <Filter Include="Resource Files">
      <UniqueIdentifier>{67DA6AB6-F800-4c08-8B7A-83BB121AAD01}</UniqueIdentifier>
      <Extensions>rc;ico;cur;bmp;dlg;rc2;rct;bin;rgs;gif;jpg;jpeg;jpe;resx;tiff;tif;png;wav;mfcribbon-ms</Extensions>
    </Filter>
    <Filter Include="Source Files\Helpers">
      <UniqueIdentifier>{1fe16fd4-0637-4be5-8595-bf0b0420b22c}</UniqueIdentifier>
    </Filter>
    <Filter Include="Header Files\Helpers">
      <UniqueIdentifier>{1a2ad5dd-a064-43dc-bb93-841396fe9529}</UniqueIdentifier>
    </Filter>
    <Filter Include="Source Files\SimplePhysics">
      <UniqueIdentifier>{07c0bbe2-ab54-46de-8304-3e84a6bd5b8e}</UniqueIdentifier>
    </Filter>
    <Filter Include="Header Files\SimplePhysicsMath">
      <UniqueIdentifier>{460eb398-3967-49d4-94c1-bd1b45f2445a}</UniqueIdentifier>
    </Filter>
    <Filter Include="Header Files\SimplePhysics">
      <UniqueIdentifier>{6616f6c3-450d-49ab-862e-f413725b1192}</UniqueIdentifier>
    </Filter>
    <Filter Include="Source Files\PongGameObjects">
      <UniqueIdentifier>{0cc8e5a9-09f4-4c82-b1d4-c0543a4585ad}</UniqueIdentifier>
    </Filter>
    <Filter Include="Header Files\PongGameObjects">
      <UniqueIdentifier>{05693463-b1bc-4320-a5b1-edb85916e7dc}</UniqueIdentifier>
    </Filter>
    <Filter Include="Source Files\Managers">
      <UniqueIdentifier>{8313d769-c514-4d7c-8a02-77163ed31e0b}</UniqueIdentifier>
    </Filter>
    <Filter Include="Header Files\Managers">
      <UniqueIdentifier>{c1ea7be8-b10e-4f88-804c-70e12a0293b6}</UniqueIdentifier>
    </Filter>
    <Filter Include="Source Files\Components">
      <UniqueIdentifier>{f3f82abb-d7d5-49c3-bc89-67d728a846df}</UniqueIdentifier>
    </Filter>
    <Filter Include="Header Files\Components">
      <UniqueIdentifier>{84d92be4-beef-4b59-a1e6-f52b1da106d6}</UniqueIdentifier>
    </Filter>
  </ItemGroup>
  <ItemGroup>
    <ClInclude Include="res_path.h">
      <Filter>Header Files</Filter>
    </ClInclude>
    <ClInclude Include="Object.h">
      <Filter>Header Files</Filter>
    </ClInclude>
    <ClInclude Include="Game.h">
      <Filter>Header Files</Filter>
    </ClInclude>
    <ClInclude Include="PhysicsWorld.h">
      <Filter>Header Files\SimplePhysics</Filter>
    </ClInclude>
    <ClInclude Include="pGlobal.h">
      <Filter>Header Files\SimplePhysics</Filter>
    </ClInclude>
    <ClInclude Include="pShapeBox.h">
      <Filter>Header Files\SimplePhysics</Filter>
    </ClInclude>
    <ClInclude Include="pShape.h">
      <Filter>Header Files\SimplePhysics</Filter>
    </ClInclude>
    <ClInclude Include="pShapeSphere.h">
      <Filter>Header Files\SimplePhysics</Filter>
    </ClInclude>
    <ClInclude Include="pRigidBody.h">
      <Filter>Header Files\SimplePhysics</Filter>
    </ClInclude>
    <ClInclude Include="aMath.h">
      <Filter>Header Files\Helpers</Filter>
    </ClInclude>
    <ClInclude Include="DrawHelper.h">
      <Filter>Header Files\Helpers</Filter>
    </ClInclude>
    <ClInclude Include="spVector3.h">
      <Filter>Header Files\SimplePhysicsMath</Filter>
    </ClInclude>
    <ClInclude Include="spVector2.h">
      <Filter>Header Files\SimplePhysicsMath</Filter>
    </ClInclude>
    <ClInclude Include="spScalar.h">
      <Filter>Header Files\SimplePhysicsMath</Filter>
    </ClInclude>
    <ClInclude Include="GameObjectRigidBody.h">
      <Filter>Header Files</Filter>
    </ClInclude>
    <ClInclude Include="PongBall.h">
      <Filter>Header Files\PongGameObjects</Filter>
    </ClInclude>
    <ClInclude Include="PlayerPaddle.h">
      <Filter>Header Files\PongGameObjects</Filter>
    </ClInclude>
    <ClInclude Include="Wall.h">
      <Filter>Header Files\PongGameObjects</Filter>
    </ClInclude>
    <ClInclude Include="spTransform.h">
      <Filter>Header Files\SimplePhysicsMath</Filter>
    </ClInclude>
    <ClInclude Include="TextManager.h">
      <Filter>Header Files\Managers</Filter>
    </ClInclude>
    <ClInclude Include="Text.h">
      <Filter>Header Files\Components</Filter>
    </ClInclude>
    <ClInclude Include="HelperFunctions.h">
      <Filter>Header Files\Helpers</Filter>
    </ClInclude>
    <ClInclude Include="GameObject.h">
      <Filter>Header Files</Filter>
    </ClInclude>
  </ItemGroup>
  <ItemGroup>
    <ClCompile Include="Initialize.cpp">
      <Filter>Source Files</Filter>
    </ClCompile>
    <ClCompile Include="Game.cpp">
      <Filter>Source Files</Filter>
    </ClCompile>
    <ClCompile Include="Object.cpp">
      <Filter>Source Files</Filter>
    </ClCompile>
    <ClCompile Include="PhysicsWorld.cpp">
      <Filter>Source Files\SimplePhysics</Filter>
    </ClCompile>
    <ClCompile Include="pShapeBox.cpp">
      <Filter>Source Files\SimplePhysics</Filter>
    </ClCompile>
    <ClCompile Include="pShape.cpp">
      <Filter>Source Files\SimplePhysics</Filter>
    </ClCompile>
    <ClCompile Include="pShapeSphere.cpp">
      <Filter>Source Files\SimplePhysics</Filter>
    </ClCompile>
    <ClCompile Include="pRigidBody.cpp">
      <Filter>Source Files\SimplePhysics</Filter>
    </ClCompile>
    <ClCompile Include="DrawHelper.cpp">
      <Filter>Source Files\Helpers</Filter>
    </ClCompile>
    <ClCompile Include="GameObjectRigidBody.cpp">
      <Filter>Source Files</Filter>
    </ClCompile>
    <ClCompile Include="PlayerPaddle.cpp">
      <Filter>Source Files\PongGameObjects</Filter>
    </ClCompile>
    <ClCompile Include="PongBall.cpp">
      <Filter>Source Files\PongGameObjects</Filter>
    </ClCompile>
    <ClCompile Include="Wall.cpp">
      <Filter>Source Files\PongGameObjects</Filter>
    </ClCompile>
    <ClCompile Include="spTransform.cpp">
      <Filter>Source Files\SimplePhysics</Filter>
    </ClCompile>
    <ClCompile Include="Text.cpp">
      <Filter>Source Files\Components</Filter>
    </ClCompile>
    <ClCompile Include="TextManager.cpp">
      <Filter>Source Files\Managers</Filter>
    </ClCompile>
    <ClCompile Include="GameObject.cpp">
      <Filter>Source Files</Filter>
    </ClCompile>
  </ItemGroup>
</Project>